
Microsoft Visual Studio Solution File, Format Version 12.00
# Visual Studio Version 17
VisualStudioVersion = 17.8.34330.188
MinimumVisualStudioVersion = 10.0.40219.1
Project("{FAE04EC0-301F-11D3-BF4B-00C04F79EFBC}") = "WebApplication120240122", "WebApplication120240122.csproj", "{50D14F8B-B528-4DF6-BD03-9886376D5655}"
EndProject
Global
	GlobalSection(SolutionConfigurationPlatforms) = preSolution
		Debug|Any CPU = Debug|Any CPU
		Release|Any CPU = Release|Any CPU
	EndGlobalSection
	GlobalSection(ProjectConfigurationPlatforms) = postSolution
		{50D14F8B-B528-4DF6-BD03-9886376D5655}.Debug|Any CPU.ActiveCfg = Debug|Any CPU
		{50D14F8B-B528-4DF6-BD03-9886376D5655}.Debug|Any CPU.Build.0 = Debug|Any CPU
		{50D14F8B-B528-4DF6-BD03-9886376D5655}.Release|Any CPU.ActiveCfg = Release|Any CPU
		{50D14F8B-B528-4DF6-BD03-9886376D5655}.Release|Any CPU.Build.0 = Release|Any CPU
	EndGlobalSection
	GlobalSection(SolutionProperties) = preSolution
		HideSolutionNode = FALSE
	EndGlobalSection
	GlobalSection(ExtensibilityGlobals) = postSolution
		SolutionGuid = {32CEE619-B2A3-4990-9066-048E31588FF7}
	EndGlobalSection
EndGlobal
